
Microsoft Visual Studio Solution File, Format Version 12.00
# Visual Studio 15
Project("{FAE04EC0-301F-11D3-BF4B-00C04F79EFBC}") = "Assembly-CSharp", "Assembly-CSharp.csproj", "{2E1AC0D5-E5FC-02A5-0204-A3423CE8ECEE}"
EndProject
Project("{FAE04EC0-301F-11D3-BF4B-00C04F79EFBC}") = "Assembly-CSharp-Editor", "Assembly-CSharp-Editor.csproj", "{6DC0BB66-A11C-51F9-931E-58B12CDE1692}"
EndProject
Global
	GlobalSection(SolutionConfigurationPlatforms) = preSolution
		Debug|Any CPU = Debug|Any CPU
		Release|Any CPU = Release|Any CPU
	EndGlobalSection
	GlobalSection(ProjectConfigurationPlatforms) = postSolution
		{2E1AC0D5-E5FC-02A5-0204-A3423CE8ECEE}.Debug|Any CPU.ActiveCfg = Debug|Any CPU
		{2E1AC0D5-E5FC-02A5-0204-A3423CE8ECEE}.Debug|Any CPU.Build.0 = Debug|Any CPU
		{2E1AC0D5-E5FC-02A5-0204-A3423CE8ECEE}.Release|Any CPU.ActiveCfg = Release|Any CPU
		{2E1AC0D5-E5FC-02A5-0204-A3423CE8ECEE}.Release|Any CPU.Build.0 = Release|Any CPU
		{6DC0BB66-A11C-51F9-931E-58B12CDE1692}.Debug|Any CPU.ActiveCfg = Debug|Any CPU
		{6DC0BB66-A11C-51F9-931E-58B12CDE1692}.Debug|Any CPU.Build.0 = Debug|Any CPU
		{6DC0BB66-A11C-51F9-931E-58B12CDE1692}.Release|Any CPU.ActiveCfg = Release|Any CPU
		{6DC0BB66-A11C-51F9-931E-58B12CDE1692}.Release|Any CPU.Build.0 = Release|Any CPU
	EndGlobalSection
	GlobalSection(SolutionProperties) = preSolution
		HideSolutionNode = FALSE
	EndGlobalSection
	GlobalSection(MonoDevelopProperties) = preSolution
		StartupItem = Assembly-CSharp.csproj
	EndGlobalSection
EndGlobal
